
Microsoft Visual Studio Solution File, Format Version 12.00
# Visual Studio Version 16
VisualStudioVersion = 16.0.31402.337
MinimumVisualStudioVersion = 10.0.40219.1
Project("{FAE04EC0-301F-11D3-BF4B-00C04F79EFBC}") = "XiechengAPI", "XiechengAPI\XiechengAPI.csproj", "{46DDE0BE-033D-4FE2-AD56-A8A9DA72C222}"
EndProject
Global
	GlobalSection(SolutionConfigurationPlatforms) = preSolution
		Debug|Any CPU = Debug|Any CPU
		Release|Any CPU = Release|Any CPU
	EndGlobalSection
	GlobalSection(ProjectConfigurationPlatforms) = postSolution
		{46DDE0BE-033D-4FE2-AD56-A8A9DA72C222}.Debug|Any CPU.ActiveCfg = Debug|Any CPU
		{46DDE0BE-033D-4FE2-AD56-A8A9DA72C222}.Debug|Any CPU.Build.0 = Debug|Any CPU
		{46DDE0BE-033D-4FE2-AD56-A8A9DA72C222}.Release|Any CPU.ActiveCfg = Release|Any CPU
		{46DDE0BE-033D-4FE2-AD56-A8A9DA72C222}.Release|Any CPU.Build.0 = Release|Any CPU
	EndGlobalSection
	GlobalSection(SolutionProperties) = preSolution
		HideSolutionNode = FALSE
	EndGlobalSection
	GlobalSection(ExtensibilityGlobals) = postSolution
		SolutionGuid = {53260A8A-A066-4226-B389-B5B4CAEF70FD}
	EndGlobalSection
EndGlobal
